// !$*UTF8*$!
{
	archiveVersion = 1;
	classes = {
	};
	objectVersion = 50;
	objects = {

/* Begin PBXBuildFile section */
		440D4167227C2034002A0221 /* AppDelegate.swift in Sources */ = {isa = PBXBuildFile; fileRef = 440D4166227C2034002A0221 /* AppDelegate.swift */; };
		440D416C227C2034002A0221 /* Main.storyboard in Resources */ = {isa = PBXBuildFile; fileRef = 440D416A227C2034002A0221 /* Main.storyboard */; };
		440D416E227C2039002A0221 /* Assets.xcassets in Resources */ = {isa = PBXBuildFile; fileRef = 440D416D227C2039002A0221 /* Assets.xcassets */; };
		440D4171227C2039002A0221 /* LaunchScreen.storyboard in Resources */ = {isa = PBXBuildFile; fileRef = 440D416F227C2039002A0221 /* LaunchScreen.storyboard */; };
		440D417A227C28D3002A0221 /* ApiRequest.swift in Sources */ = {isa = PBXBuildFile; fileRef = 440D4179227C28D3002A0221 /* ApiRequest.swift */; };
		4433ABD6227D9224001B4C38 /* ViewController.swift in Sources */ = {isa = PBXBuildFile; fileRef = 4433ABD0227D9223001B4C38 /* ViewController.swift */; };
		4433ABD7227D9224001B4C38 /* FeatureCell.xib in Resources */ = {isa = PBXBuildFile; fileRef = 4433ABD1227D9223001B4C38 /* FeatureCell.xib */; };
		4433ABD8227D9224001B4C38 /* DetailViewController.swift in Sources */ = {isa = PBXBuildFile; fileRef = 4433ABD2227D9223001B4C38 /* DetailViewController.swift */; };
		4433ABD9227D9224001B4C38 /* FeatureCell.swift in Sources */ = {isa = PBXBuildFile; fileRef = 4433ABD3227D9223001B4C38 /* FeatureCell.swift */; };
		4433ABDB227D926C001B4C38 /* Protocols.swift in Sources */ = {isa = PBXBuildFile; fileRef = 4433ABDA227D926B001B4C38 /* Protocols.swift */; };
		4433ABDD227D92CA001B4C38 /* QuakePresenter.swift in Sources */ = {isa = PBXBuildFile; fileRef = 4433ABDC227D92CA001B4C38 /* QuakePresenter.swift */; };
		4433ABDF227D92FE001B4C38 /* QuakeInteractor.swift in Sources */ = {isa = PBXBuildFile; fileRef = 4433ABDE227D92FE001B4C38 /* QuakeInteractor.swift */; };
		4433ABE1227D932C001B4C38 /* Router.swift in Sources */ = {isa = PBXBuildFile; fileRef = 4433ABE0227D932C001B4C38 /* Router.swift */; };
		4433ABE4227D93C1001B4C38 /* FeatureEntity.swift in Sources */ = {isa = PBXBuildFile; fileRef = 4433ABE3227D93C1001B4C38 /* FeatureEntity.swift */; };
		4433ABE6227D9405001B4C38 /* String+Extension.swift in Sources */ = {isa = PBXBuildFile; fileRef = 4433ABE5227D9405001B4C38 /* String+Extension.swift */; };
		4433ABE8227D9413001B4C38 /* UIViewController+Extension.swift in Sources */ = {isa = PBXBuildFile; fileRef = 4433ABE7227D9413001B4C38 /* UIViewController+Extension.swift */; };
		4433ABEC227D9481001B4C38 /* Singleton.swift in Sources */ = {isa = PBXBuildFile; fileRef = 4433ABEB227D9481001B4C38 /* Singleton.swift */; };
		E7882B6F4B7984BB5B866A7C /* Pods_EarthquakeDemo.framework in Frameworks */ = {isa = PBXBuildFile; fileRef = 87BFDCAAFC3AD498C1E38EE6 /* Pods_EarthquakeDemo.framework */; };
/* End PBXBuildFile section */

/* Begin PBXFileReference section */
		169DD77892B9423567B6F694 /* Pods-EarthquakeDemo.release.xcconfig */ = {isa = PBXFileReference; includeInIndex = 1; lastKnownFileType = text.xcconfig; name = "Pods-EarthquakeDemo.release.xcconfig"; path = "Pods/Target Support Files/Pods-EarthquakeDemo/Pods-EarthquakeDemo.release.xcconfig"; sourceTree = "<group>"; };
		440D4163227C2034002A0221 /* EarthquakeDemo.app */ = {isa = PBXFileReference; explicitFileType = wrapper.application; includeInIndex = 0; path = EarthquakeDemo.app; sourceTree = BUILT_PRODUCTS_DIR; };
		440D4166227C2034002A0221 /* AppDelegate.swift */ = {isa = PBXFileReference; lastKnownFileType = sourcecode.swift; path = AppDelegate.swift; sourceTree = "<group>"; };
		440D416B227C2034002A0221 /* Base */ = {isa = PBXFileReference; lastKnownFileType = file.storyboard; name = Base; path = Base.lproj/Main.storyboard; sourceTree = "<group>"; };
		440D416D227C2039002A0221 /* Assets.xcassets */ = {isa = PBXFileReference; lastKnownFileType = folder.assetcatalog; path = Assets.xcassets; sourceTree = "<group>"; };
		440D4170227C2039002A0221 /* Base */ = {isa = PBXFileReference; lastKnownFileType = file.storyboard; name = Base; path = Base.lproj/LaunchScreen.storyboard; sourceTree = "<group>"; };
		440D4172227C2039002A0221 /* Info.plist */ = {isa = PBXFileReference; lastKnownFileType = text.plist.xml; path = Info.plist; sourceTree = "<group>"; };
		440D4179227C28D3002A0221 /* ApiRequest.swift */ = {isa = PBXFileReference; lastKnownFileType = sourcecode.swift; path = ApiRequest.swift; sourceTree = "<group>"; };
		4433ABD0227D9223001B4C38 /* ViewController.swift */ = {isa = PBXFileReference; fileEncoding = 4; lastKnownFileType = sourcecode.swift; path = ViewController.swift; sourceTree = "<group>"; };
		4433ABD1227D9223001B4C38 /* FeatureCell.xib */ = {isa = PBXFileReference; fileEncoding = 4; lastKnownFileType = file.xib; path = FeatureCell.xib; sourceTree = "<group>"; };
		4433ABD2227D9223001B4C38 /* DetailViewController.swift */ = {isa = PBXFileReference; fileEncoding = 4; lastKnownFileType = sourcecode.swift; path = DetailViewController.swift; sourceTree = "<group>"; };
		4433ABD3227D9223001B4C38 /* FeatureCell.swift */ = {isa = PBXFileReference; fileEncoding = 4; lastKnownFileType = sourcecode.swift; path = FeatureCell.swift; sourceTree = "<group>"; };
		4433ABDA227D926B001B4C38 /* Protocols.swift */ = {isa = PBXFileReference; lastKnownFileType = sourcecode.swift; path = Protocols.swift; sourceTree = "<group>"; };
		4433ABDC227D92CA001B4C38 /* QuakePresenter.swift */ = {isa = PBXFileReference; lastKnownFileType = sourcecode.swift; path = QuakePresenter.swift; sourceTree = "<group>"; };
		4433ABDE227D92FE001B4C38 /* QuakeInteractor.swift */ = {isa = PBXFileReference; lastKnownFileType = sourcecode.swift; path = QuakeInteractor.swift; sourceTree = "<group>"; };
		4433ABE0227D932C001B4C38 /* Router.swift */ = {isa = PBXFileReference; lastKnownFileType = sourcecode.swift; path = Router.swift; sourceTree = "<group>"; };
		4433ABE3227D93C1001B4C38 /* FeatureEntity.swift */ = {isa = PBXFileReference; lastKnownFileType = sourcecode.swift; path = FeatureEntity.swift; sourceTree = "<group>"; };
		4433ABE5227D9405001B4C38 /* String+Extension.swift */ = {isa = PBXFileReference; lastKnownFileType = sourcecode.swift; path = "String+Extension.swift"; sourceTree = "<group>"; };
		4433ABE7227D9413001B4C38 /* UIViewController+Extension.swift */ = {isa = PBXFileReference; lastKnownFileType = sourcecode.swift; path = "UIViewController+Extension.swift"; sourceTree = "<group>"; };
		4433ABEB227D9481001B4C38 /* Singleton.swift */ = {isa = PBXFileReference; lastKnownFileType = sourcecode.swift; path = Singleton.swift; sourceTree = "<group>"; };
		87BFDCAAFC3AD498C1E38EE6 /* Pods_EarthquakeDemo.framework */ = {isa = PBXFileReference; explicitFileType = wrapper.framework; includeInIndex = 0; path = Pods_EarthquakeDemo.framework; sourceTree = BUILT_PRODUCTS_DIR; };
		B27ABB0469782AD01FF55F43 /* Pods-EarthquakeDemo.debug.xcconfig */ = {isa = PBXFileReference; includeInIndex = 1; lastKnownFileType = text.xcconfig; name = "Pods-EarthquakeDemo.debug.xcconfig"; path = "Pods/Target Support Files/Pods-EarthquakeDemo/Pods-EarthquakeDemo.debug.xcconfig"; sourceTree = "<group>"; };
/* End PBXFileReference section */

/* Begin PBXFrameworksBuildPhase section */
		440D4160227C2034002A0221 /* Frameworks */ = {
			isa = PBXFrameworksBuildPhase;
			buildActionMask = 2147483647;
			files = (
				E7882B6F4B7984BB5B866A7C /* Pods_EarthquakeDemo.framework in Frameworks */,
			);
			runOnlyForDeploymentPostprocessing = 0;
		};
/* End PBXFrameworksBuildPhase section */

/* Begin PBXGroup section */
		17688FED0FE7DC461A77B83A /* Frameworks */ = {
			isa = PBXGroup;
			children = (
				87BFDCAAFC3AD498C1E38EE6 /* Pods_EarthquakeDemo.framework */,
			);
			name = Frameworks;
			sourceTree = "<group>";
		};
		2727CBD9FFB450E0C5D0C708 /* Pods */ = {
			isa = PBXGroup;
			children = (
				B27ABB0469782AD01FF55F43 /* Pods-EarthquakeDemo.debug.xcconfig */,
				169DD77892B9423567B6F694 /* Pods-EarthquakeDemo.release.xcconfig */,
			);
			name = Pods;
			sourceTree = "<group>";
		};
		440D415A227C2034002A0221 = {
			isa = PBXGroup;
			children = (
				440D4165227C2034002A0221 /* EarthquakeDemo */,
				440D4164227C2034002A0221 /* Products */,
				2727CBD9FFB450E0C5D0C708 /* Pods */,
				17688FED0FE7DC461A77B83A /* Frameworks */,
			);
			sourceTree = "<group>";
		};
		440D4164227C2034002A0221 /* Products */ = {
			isa = PBXGroup;
			children = (
				440D4163227C2034002A0221 /* EarthquakeDemo.app */,
			);
			name = Products;
			sourceTree = "<group>";
		};
		440D4165227C2034002A0221 /* EarthquakeDemo */ = {
			isa = PBXGroup;
			children = (
				4433ABEA227D9478001B4C38 /* Shared */,
				4433ABE2227D93B2001B4C38 /* Extensions */,
				4433ABCC227D9223001B4C38 /* VIPER */,
				440D4178227C2078002A0221 /* API */,
				440D4166227C2034002A0221 /* AppDelegate.swift */,
				440D416A227C2034002A0221 /* Main.storyboard */,
				440D416D227C2039002A0221 /* Assets.xcassets */,
				440D416F227C2039002A0221 /* LaunchScreen.storyboard */,
				440D4172227C2039002A0221 /* Info.plist */,
			);
			path = EarthquakeDemo;
			sourceTree = "<group>";
		};
		440D4178227C2078002A0221 /* API */ = {
			isa = PBXGroup;
			children = (
				440D4179227C28D3002A0221 /* ApiRequest.swift */,
			);
			path = API;
			sourceTree = "<group>";
		};
		4433ABCC227D9223001B4C38 /* VIPER */ = {
			isa = PBXGroup;
			children = (
				4433ABCD227D9223001B4C38 /* Entity */,
				4433ABCE227D9223001B4C38 /* Presenter */,
				4433ABCF227D9223001B4C38 /* View */,
				4433ABD4227D9223001B4C38 /* Interactor */,
				4433ABD5227D9223001B4C38 /* Router */,
			);
			path = VIPER;
			sourceTree = "<group>";
		};
		4433ABCD227D9223001B4C38 /* Entity */ = {
			isa = PBXGroup;
			children = (
				4433ABE3227D93C1001B4C38 /* FeatureEntity.swift */,
			);
			path = Entity;
			sourceTree = "<group>";
		};
		4433ABCE227D9223001B4C38 /* Presenter */ = {
			isa = PBXGroup;
			children = (
				4433ABDC227D92CA001B4C38 /* QuakePresenter.swift */,
			);
			path = Presenter;
			sourceTree = "<group>";
		};
		4433ABCF227D9223001B4C38 /* View */ = {
			isa = PBXGroup;
			children = (
				4433ABD0227D9223001B4C38 /* ViewController.swift */,
				4433ABD2227D9223001B4C38 /* DetailViewController.swift */,
				4433ABD3227D9223001B4C38 /* FeatureCell.swift */,
				4433ABD1227D9223001B4C38 /* FeatureCell.xib */,
				4433ABDA227D926B001B4C38 /* Protocols.swift */,
			);
			path = View;
			sourceTree = "<group>";
		};
		4433ABD4227D9223001B4C38 /* Interactor */ = {
			isa = PBXGroup;
			children = (
				4433ABDE227D92FE001B4C38 /* QuakeInteractor.swift */,
			);
			path = Interactor;
			sourceTree = "<group>";
		};
		4433ABD5227D9223001B4C38 /* Router */ = {
			isa = PBXGroup;
			children = (
				4433ABE0227D932C001B4C38 /* Router.swift */,
			);
			path = Router;
			sourceTree = "<group>";
		};
		4433ABE2227D93B2001B4C38 /* Extensions */ = {
			isa = PBXGroup;
			children = (
				4433ABE5227D9405001B4C38 /* String+Extension.swift */,
				4433ABE7227D9413001B4C38 /* UIViewController+Extension.swift */,
			);
			path = Extensions;
			sourceTree = "<group>";
		};
		4433ABEA227D9478001B4C38 /* Shared */ = {
			isa = PBXGroup;
			children = (
				4433ABEB227D9481001B4C38 /* Singleton.swift */,
			);
			path = Shared;
			sourceTree = "<group>";
		};
/* End PBXGroup section */

/* Begin PBXNativeTarget section */
		440D4162227C2034002A0221 /* EarthquakeDemo */ = {
			isa = PBXNativeTarget;
			buildConfigurationList = 440D4175227C2039002A0221 /* Build configuration list for PBXNativeTarget "EarthquakeDemo" */;
			buildPhases = (
				00F9D783E09C86097533AFBC /* [CP] Check Pods Manifest.lock */,
				440D415F227C2034002A0221 /* Sources */,
				440D4160227C2034002A0221 /* Frameworks */,
				440D4161227C2034002A0221 /* Resources */,
				8B2E964ED6912EE96D1B77B6 /* [CP] Embed Pods Frameworks */,
			);
			buildRules = (
			);
			dependencies = (
			);
			name = EarthquakeDemo;
			productName = EarthquakeDemo;
			productReference = 440D4163227C2034002A0221 /* EarthquakeDemo.app */;
			productType = "com.apple.product-type.application";
		};
/* End PBXNativeTarget section */

/* Begin PBXProject section */
		440D415B227C2034002A0221 /* Project object */ = {
			isa = PBXProject;
			attributes = {
				LastSwiftUpdateCheck = 1010;
				LastUpgradeCheck = 1010;
				ORGANIZATIONNAME = "Sandeep N";
				TargetAttributes = {
					440D4162227C2034002A0221 = {
						CreatedOnToolsVersion = 10.1;
					};
				};
			};
			buildConfigurationList = 440D415E227C2034002A0221 /* Build configuration list for PBXProject "EarthquakeDemo" */;
			compatibilityVersion = "Xcode 9.3";
			developmentRegion = en;
			hasScannedForEncodings = 0;
			knownRegions = (
				en,
				Base,
			);
			mainGroup = 440D415A227C2034002A0221;
			productRefGroup = 440D4164227C2034002A0221 /* Products */;
			projectDirPath = "";
			projectRoot = "";
			targets = (
				440D4162227C2034002A0221 /* EarthquakeDemo */,
			);
		};
/* End PBXProject section */

/* Begin PBXResourcesBuildPhase section */
		440D4161227C2034002A0221 /* Resources */ = {
			isa = PBXResourcesBuildPhase;
			buildActionMask = 2147483647;
			files = (
				4433ABD7227D9224001B4C38 /* FeatureCell.xib in Resources */,
				440D4171227C2039002A0221 /* LaunchScreen.storyboard in Resources */,
				440D416E227C2039002A0221 /* Assets.xcassets in Resources */,
				440D416C227C2034002A0221 /* Main.storyboard in Resources */,
			);
			runOnlyForDeploymentPostprocessing = 0;
		};
/* End PBXResourcesBuildPhase section */

/* Begin PBXShellScriptBuildPhase section */
		00F9D783E09C86097533AFBC /* [CP] Check Pods Manifest.lock */ = {
			isa = PBXShellScriptBuildPhase;
			buildActionMask = 2147483647;
			files = (
			);
			inputFileListPaths = (
			);
			inputPaths = (
				"${PODS_PODFILE_DIR_PATH}/Podfile.lock",
				"${PODS_ROOT}/Manifest.lock",
			);
			name = "[CP] Check Pods Manifest.lock";
			outputFileListPaths = (
			);
			outputPaths = (
				"$(DERIVED_FILE_DIR)/Pods-EarthquakeDemo-checkManifestLockResult.txt",
			);
			runOnlyForDeploymentPostprocessing = 0;
			shellPath = /bin/sh;
			shellScript = "diff \"${PODS_PODFILE_DIR_PATH}/Podfile.lock\" \"${PODS_ROOT}/Manifest.lock\" > /dev/null\nif [ $? != 0 ] ; then\n    # print error to STDERR\n    echo \"error: The sandbox is not in sync with the Podfile.lock. Run 'pod install' or update your CocoaPods installation.\" >&2\n    exit 1\nfi\n# This output is used by Xcode 'outputs' to avoid re-running this script phase.\necho \"SUCCESS\" > \"${SCRIPT_OUTPUT_FILE_0}\"\n";
			showEnvVarsInLog = 0;
		};
		8B2E964ED6912EE96D1B77B6 /* [CP] Embed Pods Frameworks */ = {
			isa = PBXShellScriptBuildPhase;
			buildActionMask = 2147483647;
			files = (
			);
			inputFileListPaths = (
			);
			inputPaths = (
				"${SRCROOT}/Pods/Target Support Files/Pods-EarthquakeDemo/Pods-EarthquakeDemo-frameworks.sh",
				"${BUILT_PRODUCTS_DIR}/BrightFutures/BrightFutures.framework",
				"${BUILT_PRODUCTS_DIR}/Result/Result.framework",
				"${BUILT_PRODUCTS_DIR}/SwiftyJSON/SwiftyJSON.framework",
			);
			name = "[CP] Embed Pods Frameworks";
			outputFileListPaths = (
			);
			outputPaths = (
				"${TARGET_BUILD_DIR}/${FRAMEWORKS_FOLDER_PATH}/BrightFutures.framework",
				"${TARGET_BUILD_DIR}/${FRAMEWORKS_FOLDER_PATH}/Result.framework",
				"${TARGET_BUILD_DIR}/${FRAMEWORKS_FOLDER_PATH}/SwiftyJSON.framework",
			);
			runOnlyForDeploymentPostprocessing = 0;
			shellPath = /bin/sh;
			shellScript = "\"${SRCROOT}/Pods/Target Support Files/Pods-EarthquakeDemo/Pods-EarthquakeDemo-frameworks.sh\"\n";
			showEnvVarsInLog = 0;
		};
/* End PBXShellScriptBuildPhase section */

/* Begin PBXSourcesBuildPhase section */
		440D415F227C2034002A0221 /* Sources */ = {
			isa = PBXSourcesBuildPhase;
			buildActionMask = 2147483647;
			files = (
				4433ABE8227D9413001B4C38 /* UIViewController+Extension.swift in Sources */,
				4433ABD6227D9224001B4C38 /* ViewController.swift in Sources */,
				4433ABE6227D9405001B4C38 /* String+Extension.swift in Sources */,
				440D4167227C2034002A0221 /* AppDelegate.swift in Sources */,
				4433ABDF227D92FE001B4C38 /* QuakeInteractor.swift in Sources */,
				4433ABEC227D9481001B4C38 /* Singleton.swift in Sources */,
				4433ABE4227D93C1001B4C38 /* FeatureEntity.swift in Sources */,
				4433ABDD227D92CA001B4C38 /* QuakePresenter.swift in Sources */,
				4433ABE1227D932C001B4C38 /* Router.swift in Sources */,
				440D417A227C28D3002A0221 /* ApiRequest.swift in Sources */,
				4433ABDB227D926C001B4C38 /* Protocols.swift in Sources */,
				4433ABD9227D9224001B4C38 /* FeatureCell.swift in Sources */,
				4433ABD8227D9224001B4C38 /* DetailViewController.swift in Sources */,
			);
			runOnlyForDeploymentPostprocessing = 0;
		};
/* End PBXSourcesBuildPhase section */

/* Begin PBXVariantGroup section */
		440D416A227C2034002A0221 /* Main.storyboard */ = {
			isa = PBXVariantGroup;
			children = (
				440D416B227C2034002A0221 /* Base */,
			);
			name = Main.storyboard;
			sourceTree = "<group>";
		};
		440D416F227C2039002A0221 /* LaunchScreen.storyboard */ = {
			isa = PBXVariantGroup;
			children = (
				440D4170227C2039002A0221 /* Base */,
			);
			name = LaunchScreen.storyboard;
			sourceTree = "<group>";
		};
/* End PBXVariantGroup section */

/* Begin XCBuildConfiguration section */
		440D4173227C2039002A0221 /* Debug */ = {
			isa = XCBuildConfiguration;
			buildSettings = {
				ALWAYS_SEARCH_USER_PATHS = NO;
				CLANG_ANALYZER_NONNULL = YES;
				CLANG_ANALYZER_NUMBER_OBJECT_CONVERSION = YES_AGGRESSIVE;
				CLANG_CXX_LANGUAGE_STANDARD = "gnu++14";
				CLANG_CXX_LIBRARY = "libc++";
				CLANG_ENABLE_MODULES = YES;
				CLANG_ENABLE_OBJC_ARC = YES;
				CLANG_ENABLE_OBJC_WEAK = YES;
				CLANG_WARN_BLOCK_CAPTURE_AUTORELEASING = YES;
				CLANG_WARN_BOOL_CONVERSION = YES;
				CLANG_WARN_COMMA = YES;
				CLANG_WARN_CONSTANT_CONVERSION = YES;
				CLANG_WARN_DEPRECATED_OBJC_IMPLEMENTATIONS = YES;
				CLANG_WARN_DIRECT_OBJC_ISA_USAGE = YES_ERROR;
				CLANG_WARN_DOCUMENTATION_COMMENTS = YES;
				CLANG_WARN_EMPTY_BODY = YES;
				CLANG_WARN_ENUM_CONVERSION = YES;
				CLANG_WARN_INFINITE_RECURSION = YES;
				CLANG_WARN_INT_CONVERSION = YES;
				CLANG_WARN_NON_LITERAL_NULL_CONVERSION = YES;
				CLANG_WARN_OBJC_IMPLICIT_RETAIN_SELF = YES;
				CLANG_WARN_OBJC_LITERAL_CONVERSION = YES;
				CLANG_WARN_OBJC_ROOT_CLASS = YES_ERROR;
				CLANG_WARN_RANGE_LOOP_ANALYSIS = YES;
				CLANG_WARN_STRICT_PROTOTYPES = YES;
				CLANG_WARN_SUSPICIOUS_MOVE = YES;
				CLANG_WARN_UNGUARDED_AVAILABILITY = YES_AGGRESSIVE;
				CLANG_WARN_UNREACHABLE_CODE = YES;
				CLANG_WARN__DUPLICATE_METHOD_MATCH = YES;
				CODE_SIGN_IDENTITY = "iPhone Developer";
				COPY_PHASE_STRIP = NO;
				DEBUG_INFORMATION_FORMAT = dwarf;
				ENABLE_STRICT_OBJC_MSGSEND = YES;
				ENABLE_TESTABILITY = YES;
				GCC_C_LANGUAGE_STANDARD = gnu11;
				GCC_DYNAMIC_NO_PIC = NO;
				GCC_NO_COMMON_BLOCKS = YES;
				GCC_OPTIMIZATION_LEVEL = 0;
				GCC_PREPROCESSOR_DEFINITIONS = (
					"DEBUG=1",
					"$(inherited)",
				);
				GCC_WARN_64_TO_32_BIT_CONVERSION = YES;
				GCC_WARN_ABOUT_RETURN_TYPE = YES_ERROR;
				GCC_WARN_UNDECLARED_SELECTOR = YES;
				GCC_WARN_UNINITIALIZED_AUTOS = YES_AGGRESSIVE;
				GCC_WARN_UNUSED_FUNCTION = YES;
				GCC_WARN_UNUSED_VARIABLE = YES;
				IPHONEOS_DEPLOYMENT_TARGET = 12.1;
				MTL_ENABLE_DEBUG_INFO = INCLUDE_SOURCE;
				MTL_FAST_MATH = YES;
				ONLY_ACTIVE_ARCH = YES;
				SDKROOT = iphoneos;
				SWIFT_ACTIVE_COMPILATION_CONDITIONS = DEBUG;
				SWIFT_OPTIMIZATION_LEVEL = "-Onone";
			};
			name = Debug;
		};
		440D4174227C2039002A0221 /* Release */ = {
			isa = XCBuildConfiguration;
			buildSettings = {
				ALWAYS_SEARCH_USER_PATHS = NO;
				CLANG_ANALYZER_NONNULL = YES;
				CLANG_ANALYZER_NUMBER_OBJECT_CONVERSION = YES_AGGRESSIVE;
				CLANG_CXX_LANGUAGE_STANDARD = "gnu++14";
				CLANG_CXX_LIBRARY = "libc++";
				CLANG_ENABLE_MODULES = YES;
				CLANG_ENABLE_OBJC_ARC = YES;
				CLANG_ENABLE_OBJC_WEAK = YES;
				CLANG_WARN_BLOCK_CAPTURE_AUTORELEASING = YES;
				CLANG_WARN_BOOL_CONVERSION = YES;
				CLANG_WARN_COMMA = YES;
				CLANG_WARN_CONSTANT_CONVERSION = YES;
				CLANG_WARN_DEPRECATED_OBJC_IMPLEMENTATIONS = YES;
				CLANG_WARN_DIRECT_OBJC_ISA_USAGE = YES_ERROR;
				CLANG_WARN_DOCUMENTATION_COMMENTS = YES;
				CLANG_WARN_EMPTY_BODY = YES;
				CLANG_WARN_ENUM_CONVERSION = YES;
				CLANG_WARN_INFINITE_RECURSION = YES;
				CLANG_WARN_INT_CONVERSION = YES;
				CLANG_WARN_NON_LITERAL_NULL_CONVERSION = YES;
				CLANG_WARN_OBJC_IMPLICIT_RETAIN_SELF = YES;
				CLANG_WARN_OBJC_LITERAL_CONVERSION = YES;
				CLANG_WARN_OBJC_ROOT_CLASS = YES_ERROR;
				CLANG_WARN_RANGE_LOOP_ANALYSIS = YES;
				CLANG_WARN_STRICT_PROTOTYPES = YES;
				CLANG_WARN_SUSPICIOUS_MOVE = YES;
				CLANG_WARN_UNGUARDED_AVAILABILITY = YES_AGGRESSIVE;
				CLANG_WARN_UNREACHABLE_CODE = YES;
				CLANG_WARN__DUPLICATE_METHOD_MATCH = YES;
				CODE_SIGN_IDENTITY = "iPhone Developer";
				COPY_PHASE_STRIP = NO;
				DEBUG_INFORMATION_FORMAT = "dwarf-with-dsym";
				ENABLE_NS_ASSERTIONS = NO;
				ENABLE_STRICT_OBJC_MSGSEND = YES;
				GCC_C_LANGUAGE_STANDARD = gnu11;
				GCC_NO_COMMON_BLOCKS = YES;
				GCC_WARN_64_TO_32_BIT_CONVERSION = YES;
				GCC_WARN_ABOUT_RETURN_TYPE = YES_ERROR;
				GCC_WARN_UNDECLARED_SELECTOR = YES;
				GCC_WARN_UNINITIALIZED_AUTOS = YES_AGGRESSIVE;
				GCC_WARN_UNUSED_FUNCTION = YES;
				GCC_WARN_UNUSED_VARIABLE = YES;
				IPHONEOS_DEPLOYMENT_TARGET = 12.1;
				MTL_ENABLE_DEBUG_INFO = NO;
				MTL_FAST_MATH = YES;
				SDKROOT = iphoneos;
				SWIFT_COMPILATION_MODE = wholemodule;
				SWIFT_OPTIMIZATION_LEVEL = "-O";
				VALIDATE_PRODUCT = YES;
			};
			name = Release;
		};
		440D4176227C2039002A0221 /* Debug */ = {
			isa = XCBuildConfiguration;
			baseConfigurationReference = B27ABB0469782AD01FF55F43 /* Pods-EarthquakeDemo.debug.xcconfig */;
			buildSettings = {
				ASSETCATALOG_COMPILER_APPICON_NAME = AppIcon;
				CODE_SIGN_IDENTITY = "iPhone Developer";
				CODE_SIGN_STYLE = Automatic;
				DEVELOPMENT_TEAM = S86F3YN4XS;
				INFOPLIST_FILE = EarthquakeDemo/Info.plist;
				LD_RUNPATH_SEARCH_PATHS = (
					"$(inherited)",
					"@executable_path/Frameworks",
				);
				PRODUCT_BUNDLE_IDENTIFIER = com.sandeep.EarthquakeDemoSan;
				PRODUCT_NAME = "$(TARGET_NAME)";
				PROVISIONING_PROFILE_SPECIFIER = "";
				SWIFT_VERSION = 4.2;
				TARGETED_DEVICE_FAMILY = "1,2";
			};
			name = Debug;
		};
		440D4177227C2039002A0221 /* Release */ = {
			isa = XCBuildConfiguration;
			baseConfigurationReference = 169DD77892B9423567B6F694 /* Pods-EarthquakeDemo.release.xcconfig */;
			buildSettings = {
				ASSETCATALOG_COMPILER_APPICON_NAME = AppIcon;
				CODE_SIGN_IDENTITY = "iPhone Developer";
				CODE_SIGN_STYLE = Automatic;
				DEVELOPMENT_TEAM = S86F3YN4XS;
				INFOPLIST_FILE = EarthquakeDemo/Info.plist;
				LD_RUNPATH_SEARCH_PATHS = (
					"$(inherited)",
					"@executable_path/Frameworks",
				);
				PRODUCT_BUNDLE_IDENTIFIER = com.sandeep.EarthquakeDemoSan;
				PRODUCT_NAME = "$(TARGET_NAME)";
				PROVISIONING_PROFILE_SPECIFIER = "";
				SWIFT_VERSION = 4.2;
				TARGETED_DEVICE_FAMILY = "1,2";
			};
			name = Release;
		};
/* End XCBuildConfiguration section */

/* Begin XCConfigurationList section */
		440D415E227C2034002A0221 /* Build configuration list for PBXProject "EarthquakeDemo" */ = {
			isa = XCConfigurationList;
			buildConfigurations = (
				440D4173227C2039002A0221 /* Debug */,
				440D4174227C2039002A0221 /* Release */,
			);
			defaultConfigurationIsVisible = 0;
			defaultConfigurationName = Release;
		};
		440D4175227C2039002A0221 /* Build configuration list for PBXNativeTarget "EarthquakeDemo" */ = {
			isa = XCConfigurationList;
			buildConfigurations = (
				440D4176227C2039002A0221 /* Debug */,
				440D4177227C2039002A0221 /* Release */,
			);
			defaultConfigurationIsVisible = 0;
			defaultConfigurationName = Release;
		};
/* End XCConfigurationList section */
	};
	rootObject = 440D415B227C2034002A0221 /* Project object */;
}
